
Microsoft Visual Studio Solution File, Format Version 12.00
# Visual Studio Version 17
VisualStudioVersion = 17.13.35818.85 d17.13
MinimumVisualStudioVersion = 10.0.40219.1
Project("{FAE04EC0-301F-11D3-BF4B-00C04F79EFBC}") = "CoI-Diesel_Calculator", "CoI-Diesel_Calculator.csproj", "{41BCE3C7-E1F1-4C96-8794-2CF0D8A2F11F}"
EndProject
Global
	GlobalSection(SolutionConfigurationPlatforms) = preSolution
		Debug|Any CPU = Debug|Any CPU
		Release|Any CPU = Release|Any CPU
	EndGlobalSection
	GlobalSection(ProjectConfigurationPlatforms) = postSolution
		{41BCE3C7-E1F1-4C96-8794-2CF0D8A2F11F}.Debug|Any CPU.ActiveCfg = Debug|Any CPU
		{41BCE3C7-E1F1-4C96-8794-2CF0D8A2F11F}.Debug|Any CPU.Build.0 = Debug|Any CPU
		{41BCE3C7-E1F1-4C96-8794-2CF0D8A2F11F}.Release|Any CPU.ActiveCfg = Release|Any CPU
		{41BCE3C7-E1F1-4C96-8794-2CF0D8A2F11F}.Release|Any CPU.Build.0 = Release|Any CPU
	EndGlobalSection
	GlobalSection(SolutionProperties) = preSolution
		HideSolutionNode = FALSE
	EndGlobalSection
	GlobalSection(ExtensibilityGlobals) = postSolution
		SolutionGuid = {D23F7FA1-11C4-48CC-B4AF-CFC788BC4ACD}
	EndGlobalSection
EndGlobal
